Microsoft Visual Studio Solution File, Format Version 11.00
# Visual Studio 2008

Project("{DB1F4AB5-845D-EF61-A83D-5DF13E0C2397}") = "Delta", "Assembly-CSharp-firstpass.csproj", "{0FEC9CC1-23E5-B518-506D-EDF03A19557B}"
EndProject
Project("{DB1F4AB5-845D-EF61-A83D-5DF13E0C2397}") = "Delta", "Assembly-CSharp.csproj", "{2A9B43E8-53FC-DB59-3D84-97BDD942651F}"
EndProject
Project("{DB1F4AB5-845D-EF61-A83D-5DF13E0C2397}") = "Delta", "Assembly-UnityScript-firstpass.unityproj", "{FB3C593C-61FA-C2A0-B131-FE12EC83AE6E}"
EndProject
Project("{DB1F4AB5-845D-EF61-A83D-5DF13E0C2397}") = "Delta", "Assembly-UnityScript-Editor.unityproj", "{7938AD21-B2FC-841C-6C29-EF1F0260E742}"
EndProject
Global
	GlobalSection(SolutionConfigurationPlatforms) = preSolution
		Debug|Any CPU = Debug|Any CPU
		Release|Any CPU = Release|Any CPU
	EndGlobalSection
	GlobalSection(ProjectConfigurationPlatforms) = postSolution
		{0FEC9CC1-23E5-B518-506D-EDF03A19557B}.Debug|Any CPU.ActiveCfg = Debug|Any CPU
		{0FEC9CC1-23E5-B518-506D-EDF03A19557B}.Debug|Any CPU.Build.0 = Debug|Any CPU
		{0FEC9CC1-23E5-B518-506D-EDF03A19557B}.Release|Any CPU.ActiveCfg = Release|Any CPU
		{0FEC9CC1-23E5-B518-506D-EDF03A19557B}.Release|Any CPU.Build.0 = Release|Any CPU
		{2A9B43E8-53FC-DB59-3D84-97BDD942651F}.Debug|Any CPU.ActiveCfg = Debug|Any CPU
		{2A9B43E8-53FC-DB59-3D84-97BDD942651F}.Debug|Any CPU.Build.0 = Debug|Any CPU
		{2A9B43E8-53FC-DB59-3D84-97BDD942651F}.Release|Any CPU.ActiveCfg = Release|Any CPU
		{2A9B43E8-53FC-DB59-3D84-97BDD942651F}.Release|Any CPU.Build.0 = Release|Any CPU
		{FB3C593C-61FA-C2A0-B131-FE12EC83AE6E}.Debug|Any CPU.ActiveCfg = Debug|Any CPU
		{FB3C593C-61FA-C2A0-B131-FE12EC83AE6E}.Debug|Any CPU.Build.0 = Debug|Any CPU
		{FB3C593C-61FA-C2A0-B131-FE12EC83AE6E}.Release|Any CPU.ActiveCfg = Release|Any CPU
		{FB3C593C-61FA-C2A0-B131-FE12EC83AE6E}.Release|Any CPU.Build.0 = Release|Any CPU
		{7938AD21-B2FC-841C-6C29-EF1F0260E742}.Debug|Any CPU.ActiveCfg = Debug|Any CPU
		{7938AD21-B2FC-841C-6C29-EF1F0260E742}.Debug|Any CPU.Build.0 = Debug|Any CPU
		{7938AD21-B2FC-841C-6C29-EF1F0260E742}.Release|Any CPU.ActiveCfg = Release|Any CPU
		{7938AD21-B2FC-841C-6C29-EF1F0260E742}.Release|Any CPU.Build.0 = Release|Any CPU
	EndGlobalSection
	GlobalSection(SolutionProperties) = preSolution
		HideSolutionNode = FALSE
	EndGlobalSection
															GlobalSection(MonoDevelopProperties) = preSolution
		StartupItem = Assembly-CSharp.csproj
		Policies = $0
		$0.TextStylePolicy = $1
		$1.inheritsSet = null
		$1.scope = text/x-csharp
		$0.CSharpFormattingPolicy = $2
		$2.inheritsSet = Mono
		$2.inheritsScope = text/x-csharp
		$2.scope = text/x-csharp
		$0.TextStylePolicy = $3
		$3.FileWidth = 120
		$3.TabWidth = 4
		$3.EolMarker = Unix
		$3.inheritsSet = Mono
		$3.inheritsScope = text/plain
		$3.scope = text/plain
	EndGlobalSection

EndGlobal
